// !$*UTF8*$!
{
	archiveVersion = 1;
	classes = {
	};
	objectVersion = 55;
	objects = {

/* Begin PBXBuildFile section */
		7CE5E36B27A61AE700208E71 /* TypesafeMockingExampleApp.swift in Sources */ = {isa = PBXBuildFile; fileRef = 7CE5E36A27A61AE700208E71 /* TypesafeMockingExampleApp.swift */; };
		7CE5E36F27A61AE800208E71 /* Assets.xcassets in Resources */ = {isa = PBXBuildFile; fileRef = 7CE5E36E27A61AE800208E71 /* Assets.xcassets */; };
		7CE5E37227A61AE800208E71 /* Preview Assets.xcassets in Resources */ = {isa = PBXBuildFile; fileRef = 7CE5E37127A61AE800208E71 /* Preview Assets.xcassets */; };
		7CE5E37D27A61B4C00208E71 /* GenericError.swift in Sources */ = {isa = PBXBuildFile; fileRef = 7CE5E37C27A61B4C00208E71 /* GenericError.swift */; };
		7CE5E37F27A61B7300208E71 /* Film.swift in Sources */ = {isa = PBXBuildFile; fileRef = 7CE5E37E27A61B7300208E71 /* Film.swift */; };
		7CE5E38127A61B8300208E71 /* NetworkResourceLoader.swift in Sources */ = {isa = PBXBuildFile; fileRef = 7CE5E38027A61B8300208E71 /* NetworkResourceLoader.swift */; };
		7CE5E38327A61B9B00208E71 /* FilmLoader.swift in Sources */ = {isa = PBXBuildFile; fileRef = 7CE5E38227A61B9B00208E71 /* FilmLoader.swift */; };
		7CE5E38527A61BB800208E71 /* MockFilmLoader.swift in Sources */ = {isa = PBXBuildFile; fileRef = 7CE5E38427A61BB800208E71 /* MockFilmLoader.swift */; };
		7CE5E38727A61BBD00208E71 /* NetworkFilmLoader.swift in Sources */ = {isa = PBXBuildFile; fileRef = 7CE5E38627A61BBD00208E71 /* NetworkFilmLoader.swift */; };
		7CE5E38927A61C1700208E71 /* FilmsListView.swift in Sources */ = {isa = PBXBuildFile; fileRef = 7CE5E38827A61C1700208E71 /* FilmsListView.swift */; };
		7CE5E38B27A61C2600208E71 /* FilmOpeningCrawlView.swift in Sources */ = {isa = PBXBuildFile; fileRef = 7CE5E38A27A61C2600208E71 /* FilmOpeningCrawlView.swift */; };
/* End PBXBuildFile section */

/* Begin PBXFileReference section */
		7CE5E36727A61AE700208E71 /* TypesafeMockingExample.app */ = {isa = PBXFileReference; explicitFileType = wrapper.application; includeInIndex = 0; path = TypesafeMockingExample.app; sourceTree = BUILT_PRODUCTS_DIR; };
		7CE5E36A27A61AE700208E71 /* TypesafeMockingExampleApp.swift */ = {isa = PBXFileReference; lastKnownFileType = sourcecode.swift; path = TypesafeMockingExampleApp.swift; sourceTree = "<group>"; };
		7CE5E36E27A61AE800208E71 /* Assets.xcassets */ = {isa = PBXFileReference; lastKnownFileType = folder.assetcatalog; path = Assets.xcassets; sourceTree = "<group>"; };
		7CE5E37127A61AE800208E71 /* Preview Assets.xcassets */ = {isa = PBXFileReference; lastKnownFileType = folder.assetcatalog; path = "Preview Assets.xcassets"; sourceTree = "<group>"; };
		7CE5E37C27A61B4C00208E71 /* GenericError.swift */ = {isa = PBXFileReference; lastKnownFileType = sourcecode.swift; path = GenericError.swift; sourceTree = "<group>"; };
		7CE5E37E27A61B7300208E71 /* Film.swift */ = {isa = PBXFileReference; lastKnownFileType = sourcecode.swift; path = Film.swift; sourceTree = "<group>"; };
		7CE5E38027A61B8300208E71 /* NetworkResourceLoader.swift */ = {isa = PBXFileReference; lastKnownFileType = sourcecode.swift; path = NetworkResourceLoader.swift; sourceTree = "<group>"; };
		7CE5E38227A61B9B00208E71 /* FilmLoader.swift */ = {isa = PBXFileReference; lastKnownFileType = sourcecode.swift; path = FilmLoader.swift; sourceTree = "<group>"; };
		7CE5E38427A61BB800208E71 /* MockFilmLoader.swift */ = {isa = PBXFileReference; lastKnownFileType = sourcecode.swift; path = MockFilmLoader.swift; sourceTree = "<group>"; };
		7CE5E38627A61BBD00208E71 /* NetworkFilmLoader.swift */ = {isa = PBXFileReference; lastKnownFileType = sourcecode.swift; path = NetworkFilmLoader.swift; sourceTree = "<group>"; };
		7CE5E38827A61C1700208E71 /* FilmsListView.swift */ = {isa = PBXFileReference; lastKnownFileType = sourcecode.swift; path = FilmsListView.swift; sourceTree = "<group>"; };
		7CE5E38A27A61C2600208E71 /* FilmOpeningCrawlView.swift */ = {isa = PBXFileReference; lastKnownFileType = sourcecode.swift; path = FilmOpeningCrawlView.swift; sourceTree = "<group>"; };
/* End PBXFileReference section */

/* Begin PBXFrameworksBuildPhase section */
		7CE5E36427A61AE700208E71 /* Frameworks */ = {
			isa = PBXFrameworksBuildPhase;
			buildActionMask = 2147483647;
			files = (
			);
			runOnlyForDeploymentPostprocessing = 0;
		};
/* End PBXFrameworksBuildPhase section */

/* Begin PBXGroup section */
		7CE5E35E27A61AE700208E71 = {
			isa = PBXGroup;
			children = (
				7CE5E36927A61AE700208E71 /* TypesafeMockingExample */,
				7CE5E36827A61AE700208E71 /* Products */,
			);
			sourceTree = "<group>";
		};
		7CE5E36827A61AE700208E71 /* Products */ = {
			isa = PBXGroup;
			children = (
				7CE5E36727A61AE700208E71 /* TypesafeMockingExample.app */,
			);
			name = Products;
			sourceTree = "<group>";
		};
		7CE5E36927A61AE700208E71 /* TypesafeMockingExample */ = {
			isa = PBXGroup;
			children = (
				7CE5E36A27A61AE700208E71 /* TypesafeMockingExampleApp.swift */,
				7CE5E37927A61B0900208E71 /* Errors */,
				7CE5E37B27A61B2400208E71 /* Film */,
				7CE5E37A27A61B1100208E71 /* Network */,
				7CE5E37827A61B0000208E71 /* Views */,
				7CE5E36E27A61AE800208E71 /* Assets.xcassets */,
				7CE5E37027A61AE800208E71 /* Preview Content */,
			);
			path = TypesafeMockingExample;
			sourceTree = "<group>";
		};
		7CE5E37027A61AE800208E71 /* Preview Content */ = {
			isa = PBXGroup;
			children = (
				7CE5E37127A61AE800208E71 /* Preview Assets.xcassets */,
			);
			path = "Preview Content";
			sourceTree = "<group>";
		};
		7CE5E37827A61B0000208E71 /* Views */ = {
			isa = PBXGroup;
			children = (
				7CE5E38827A61C1700208E71 /* FilmsListView.swift */,
				7CE5E38A27A61C2600208E71 /* FilmOpeningCrawlView.swift */,
			);
			path = Views;
			sourceTree = "<group>";
		};
		7CE5E37927A61B0900208E71 /* Errors */ = {
			isa = PBXGroup;
			children = (
				7CE5E37C27A61B4C00208E71 /* GenericError.swift */,
			);
			path = Errors;
			sourceTree = "<group>";
		};
		7CE5E37A27A61B1100208E71 /* Network */ = {
			isa = PBXGroup;
			children = (
				7CE5E38027A61B8300208E71 /* NetworkResourceLoader.swift */,
			);
			path = Network;
			sourceTree = "<group>";
		};
		7CE5E37B27A61B2400208E71 /* Film */ = {
			isa = PBXGroup;
			children = (
				7CE5E37E27A61B7300208E71 /* Film.swift */,
				7CE5E38227A61B9B00208E71 /* FilmLoader.swift */,
				7CE5E38427A61BB800208E71 /* MockFilmLoader.swift */,
				7CE5E38627A61BBD00208E71 /* NetworkFilmLoader.swift */,
			);
			path = Film;
			sourceTree = "<group>";
		};
/* End PBXGroup section */

/* Begin PBXNativeTarget section */
		7CE5E36627A61AE700208E71 /* TypesafeMockingExample */ = {
			isa = PBXNativeTarget;
			buildConfigurationList = 7CE5E37527A61AE800208E71 /* Build configuration list for PBXNativeTarget "TypesafeMockingExample" */;
			buildPhases = (
				7CE5E36327A61AE700208E71 /* Sources */,
				7CE5E36427A61AE700208E71 /* Frameworks */,
				7CE5E36527A61AE700208E71 /* Resources */,
			);
			buildRules = (
			);
			dependencies = (
			);
			name = TypesafeMockingExample;
			productName = TypesafeMockingExample;
			productReference = 7CE5E36727A61AE700208E71 /* TypesafeMockingExample.app */;
			productType = "com.apple.product-type.application";
		};
/* End PBXNativeTarget section */

/* Begin PBXProject section */
		7CE5E35F27A61AE700208E71 /* Project object */ = {
			isa = PBXProject;
			attributes = {
				BuildIndependentTargetsInParallel = 1;
				LastSwiftUpdateCheck = 1320;
				LastUpgradeCheck = 1320;
				TargetAttributes = {
					7CE5E36627A61AE700208E71 = {
						CreatedOnToolsVersion = 13.2.1;
					};
				};
			};
			buildConfigurationList = 7CE5E36227A61AE700208E71 /* Build configuration list for PBXProject "TypesafeMockingExample" */;
			compatibilityVersion = "Xcode 13.0";
			developmentRegion = en;
			hasScannedForEncodings = 0;
			knownRegions = (
				en,
				Base,
			);
			mainGroup = 7CE5E35E27A61AE700208E71;
			productRefGroup = 7CE5E36827A61AE700208E71 /* Products */;
			projectDirPath = "";
			projectRoot = "";
			targets = (
				7CE5E36627A61AE700208E71 /* TypesafeMockingExample */,
			);
		};
/* End PBXProject section */

/* Begin PBXResourcesBuildPhase section */
		7CE5E36527A61AE700208E71 /* Resources */ = {
			isa = PBXResourcesBuildPhase;
			buildActionMask = 2147483647;
			files = (
				7CE5E37227A61AE800208E71 /* Preview Assets.xcassets in Resources */,
				7CE5E36F27A61AE800208E71 /* Assets.xcassets in Resources */,
			);
			runOnlyForDeploymentPostprocessing = 0;
		};
/* End PBXResourcesBuildPhase section */

/* Begin PBXSourcesBuildPhase section */
		7CE5E36327A61AE700208E71 /* Sources */ = {
			isa = PBXSourcesBuildPhase;
			buildActionMask = 2147483647;
			files = (
				7CE5E38127A61B8300208E71 /* NetworkResourceLoader.swift in Sources */,
				7CE5E37D27A61B4C00208E71 /* GenericError.swift in Sources */,
				7CE5E38527A61BB800208E71 /* MockFilmLoader.swift in Sources */,
				7CE5E38727A61BBD00208E71 /* NetworkFilmLoader.swift in Sources */,
				7CE5E37F27A61B7300208E71 /* Film.swift in Sources */,
				7CE5E38B27A61C2600208E71 /* FilmOpeningCrawlView.swift in Sources */,
				7CE5E38927A61C1700208E71 /* FilmsListView.swift in Sources */,
				7CE5E38327A61B9B00208E71 /* FilmLoader.swift in Sources */,
				7CE5E36B27A61AE700208E71 /* TypesafeMockingExampleApp.swift in Sources */,
			);
			runOnlyForDeploymentPostprocessing = 0;
		};
/* End PBXSourcesBuildPhase section */

/* Begin XCBuildConfiguration section */
		7CE5E37327A61AE800208E71 /* Debug */ = {
			isa = XCBuildConfiguration;
			buildSettings = {
				ALWAYS_SEARCH_USER_PATHS = NO;
				CLANG_ANALYZER_NONNULL = YES;
				CLANG_ANALYZER_NUMBER_OBJECT_CONVERSION = YES_AGGRESSIVE;
				CLANG_CXX_LANGUAGE_STANDARD = "gnu++17";
				CLANG_CXX_LIBRARY = "libc++";
				CLANG_ENABLE_MODULES = YES;
				CLANG_ENABLE_OBJC_ARC = YES;
				CLANG_ENABLE_OBJC_WEAK = YES;
				CLANG_WARN_BLOCK_CAPTURE_AUTORELEASING = YES;
				CLANG_WARN_BOOL_CONVERSION = YES;
				CLANG_WARN_COMMA = YES;
				CLANG_WARN_CONSTANT_CONVERSION = YES;
				CLANG_WARN_DEPRECATED_OBJC_IMPLEMENTATIONS = YES;
				CLANG_WARN_DIRECT_OBJC_ISA_USAGE = YES_ERROR;
				CLANG_WARN_DOCUMENTATION_COMMENTS = YES;
				CLANG_WARN_EMPTY_BODY = YES;
				CLANG_WARN_ENUM_CONVERSION = YES;
				CLANG_WARN_INFINITE_RECURSION = YES;
				CLANG_WARN_INT_CONVERSION = YES;
				CLANG_WARN_NON_LITERAL_NULL_CONVERSION = YES;
				CLANG_WARN_OBJC_IMPLICIT_RETAIN_SELF = YES;
				CLANG_WARN_OBJC_LITERAL_CONVERSION = YES;
				CLANG_WARN_OBJC_ROOT_CLASS = YES_ERROR;
				CLANG_WARN_QUOTED_INCLUDE_IN_FRAMEWORK_HEADER = YES;
				CLANG_WARN_RANGE_LOOP_ANALYSIS = YES;
				CLANG_WARN_STRICT_PROTOTYPES = YES;
				CLANG_WARN_SUSPICIOUS_MOVE = YES;
				CLANG_WARN_UNGUARDED_AVAILABILITY = YES_AGGRESSIVE;
				CLANG_WARN_UNREACHABLE_CODE = YES;
				CLANG_WARN__DUPLICATE_METHOD_MATCH = YES;
				COPY_PHASE_STRIP = NO;
				DEBUG_INFORMATION_FORMAT = dwarf;
				ENABLE_STRICT_OBJC_MSGSEND = YES;
				ENABLE_TESTABILITY = YES;
				GCC_C_LANGUAGE_STANDARD = gnu11;
				GCC_DYNAMIC_NO_PIC = NO;
				GCC_NO_COMMON_BLOCKS = YES;
				GCC_OPTIMIZATION_LEVEL = 0;
				GCC_PREPROCESSOR_DEFINITIONS = (
					"DEBUG=1",
					"$(inherited)",
				);
				GCC_WARN_64_TO_32_BIT_CONVERSION = YES;
				GCC_WARN_ABOUT_RETURN_TYPE = YES_ERROR;
				GCC_WARN_UNDECLARED_SELECTOR = YES;
				GCC_WARN_UNINITIALIZED_AUTOS = YES_AGGRESSIVE;
				GCC_WARN_UNUSED_FUNCTION = YES;
				GCC_WARN_UNUSED_VARIABLE = YES;
				IPHONEOS_DEPLOYMENT_TARGET = 15.2;
				MTL_ENABLE_DEBUG_INFO = INCLUDE_SOURCE;
				MTL_FAST_MATH = YES;
				ONLY_ACTIVE_ARCH = YES;
				SDKROOT = iphoneos;
				SWIFT_ACTIVE_COMPILATION_CONDITIONS = DEBUG;
				SWIFT_OPTIMIZATION_LEVEL = "-Onone";
			};
			name = Debug;
		};
		7CE5E37427A61AE800208E71 /* Release */ = {
			isa = XCBuildConfiguration;
			buildSettings = {
				ALWAYS_SEARCH_USER_PATHS = NO;
				CLANG_ANALYZER_NONNULL = YES;
				CLANG_ANALYZER_NUMBER_OBJECT_CONVERSION = YES_AGGRESSIVE;
				CLANG_CXX_LANGUAGE_STANDARD = "gnu++17";
				CLANG_CXX_LIBRARY = "libc++";
				CLANG_ENABLE_MODULES = YES;
				CLANG_ENABLE_OBJC_ARC = YES;
				CLANG_ENABLE_OBJC_WEAK = YES;
				CLANG_WARN_BLOCK_CAPTURE_AUTORELEASING = YES;
				CLANG_WARN_BOOL_CONVERSION = YES;
				CLANG_WARN_COMMA = YES;
				CLANG_WARN_CONSTANT_CONVERSION = YES;
				CLANG_WARN_DEPRECATED_OBJC_IMPLEMENTATIONS = YES;
				CLANG_WARN_DIRECT_OBJC_ISA_USAGE = YES_ERROR;
				CLANG_WARN_DOCUMENTATION_COMMENTS = YES;
				CLANG_WARN_EMPTY_BODY = YES;
				CLANG_WARN_ENUM_CONVERSION = YES;
				CLANG_WARN_INFINITE_RECURSION = YES;
				CLANG_WARN_INT_CONVERSION = YES;
				CLANG_WARN_NON_LITERAL_NULL_CONVERSION = YES;
				CLANG_WARN_OBJC_IMPLICIT_RETAIN_SELF = YES;
				CLANG_WARN_OBJC_LITERAL_CONVERSION = YES;
				CLANG_WARN_OBJC_ROOT_CLASS = YES_ERROR;
				CLANG_WARN_QUOTED_INCLUDE_IN_FRAMEWORK_HEADER = YES;
				CLANG_WARN_RANGE_LOOP_ANALYSIS = YES;
				CLANG_WARN_STRICT_PROTOTYPES = YES;
				CLANG_WARN_SUSPICIOUS_MOVE = YES;
				CLANG_WARN_UNGUARDED_AVAILABILITY = YES_AGGRESSIVE;
				CLANG_WARN_UNREACHABLE_CODE = YES;
				CLANG_WARN__DUPLICATE_METHOD_MATCH = YES;
				COPY_PHASE_STRIP = NO;
				DEBUG_INFORMATION_FORMAT = "dwarf-with-dsym";
				ENABLE_NS_ASSERTIONS = NO;
				ENABLE_STRICT_OBJC_MSGSEND = YES;
				GCC_C_LANGUAGE_STANDARD = gnu11;
				GCC_NO_COMMON_BLOCKS = YES;
				GCC_WARN_64_TO_32_BIT_CONVERSION = YES;
				GCC_WARN_ABOUT_RETURN_TYPE = YES_ERROR;
				GCC_WARN_UNDECLARED_SELECTOR = YES;
				GCC_WARN_UNINITIALIZED_AUTOS = YES_AGGRESSIVE;
				GCC_WARN_UNUSED_FUNCTION = YES;
				GCC_WARN_UNUSED_VARIABLE = YES;
				IPHONEOS_DEPLOYMENT_TARGET = 15.2;
				MTL_ENABLE_DEBUG_INFO = NO;
				MTL_FAST_MATH = YES;
				SDKROOT = iphoneos;
				SWIFT_COMPILATION_MODE = wholemodule;
				SWIFT_OPTIMIZATION_LEVEL = "-O";
				VALIDATE_PRODUCT = YES;
			};
			name = Release;
		};
		7CE5E37627A61AE800208E71 /* Debug */ = {
			isa = XCBuildConfiguration;
			buildSettings = {
				ASSETCATALOG_COMPILER_APPICON_NAME = AppIcon;
				ASSETCATALOG_COMPILER_GLOBAL_ACCENT_COLOR_NAME = AccentColor;
				CODE_SIGN_STYLE = Automatic;
				CURRENT_PROJECT_VERSION = 1;
				DEVELOPMENT_ASSET_PATHS = "\"TypesafeMockingExample/Preview Content\"";
				DEVELOPMENT_TEAM = 9U36A9M8V8;
				ENABLE_PREVIEWS = YES;
				GENERATE_INFOPLIST_FILE = YES;
				INFOPLIST_KEY_UIApplicationSceneManifest_Generation = YES;
				INFOPLIST_KEY_UIApplicationSupportsIndirectInputEvents = YES;
				INFOPLIST_KEY_UILaunchScreen_Generation = YES;
				INFOPLIST_KEY_UISupportedInterfaceOrientations_iPad = "UIInterfaceOrientationPortrait UIInterfaceOrientationPortraitUpsideDown UIInterfaceOrientationLandscapeLeft UIInterfaceOrientationLandscapeRight";
				INFOPLIST_KEY_UISupportedInterfaceOrientations_iPhone = "UIInterfaceOrientationPortrait UIInterfaceOrientationLandscapeLeft UIInterfaceOrientationLandscapeRight";
				LD_RUNPATH_SEARCH_PATHS = (
					"$(inherited)",
					"@executable_path/Frameworks",
				);
				MARKETING_VERSION = 1.0;
				PRODUCT_BUNDLE_IDENTIFIER = com.dafurman.TypesafeMockingExample;
				PRODUCT_NAME = "$(TARGET_NAME)";
				SWIFT_EMIT_LOC_STRINGS = YES;
				SWIFT_VERSION = 5.0;
				TARGETED_DEVICE_FAMILY = "1,2";
			};
			name = Debug;
		};
		7CE5E37727A61AE800208E71 /* Release */ = {
			isa = XCBuildConfiguration;
			buildSettings = {
				ASSETCATALOG_COMPILER_APPICON_NAME = AppIcon;
				ASSETCATALOG_COMPILER_GLOBAL_ACCENT_COLOR_NAME = AccentColor;
				CODE_SIGN_STYLE = Automatic;
				CURRENT_PROJECT_VERSION = 1;
				DEVELOPMENT_ASSET_PATHS = "\"TypesafeMockingExample/Preview Content\"";
				DEVELOPMENT_TEAM = 9U36A9M8V8;
				ENABLE_PREVIEWS = YES;
				GENERATE_INFOPLIST_FILE = YES;
				INFOPLIST_KEY_UIApplicationSceneManifest_Generation = YES;
				INFOPLIST_KEY_UIApplicationSupportsIndirectInputEvents = YES;
				INFOPLIST_KEY_UILaunchScreen_Generation = YES;
				INFOPLIST_KEY_UISupportedInterfaceOrientations_iPad = "UIInterfaceOrientationPortrait UIInterfaceOrientationPortraitUpsideDown UIInterfaceOrientationLandscapeLeft UIInterfaceOrientationLandscapeRight";
				INFOPLIST_KEY_UISupportedInterfaceOrientations_iPhone = "UIInterfaceOrientationPortrait UIInterfaceOrientationLandscapeLeft UIInterfaceOrientationLandscapeRight";
				LD_RUNPATH_SEARCH_PATHS = (
					"$(inherited)",
					"@executable_path/Frameworks",
				);
				MARKETING_VERSION = 1.0;
				PRODUCT_BUNDLE_IDENTIFIER = com.dafurman.TypesafeMockingExample;
				PRODUCT_NAME = "$(TARGET_NAME)";
				SWIFT_EMIT_LOC_STRINGS = YES;
				SWIFT_VERSION = 5.0;
				TARGETED_DEVICE_FAMILY = "1,2";
			};
			name = Release;
		};
/* End XCBuildConfiguration section */

/* Begin XCConfigurationList section */
		7CE5E36227A61AE700208E71 /* Build configuration list for PBXProject "TypesafeMockingExample" */ = {
			isa = XCConfigurationList;
			buildConfigurations = (
				7CE5E37327A61AE800208E71 /* Debug */,
				7CE5E37427A61AE800208E71 /* Release */,
			);
			defaultConfigurationIsVisible = 0;
			defaultConfigurationName = Release;
		};
		7CE5E37527A61AE800208E71 /* Build configuration list for PBXNativeTarget "TypesafeMockingExample" */ = {
			isa = XCConfigurationList;
			buildConfigurations = (
				7CE5E37627A61AE800208E71 /* Debug */,
				7CE5E37727A61AE800208E71 /* Release */,
			);
			defaultConfigurationIsVisible = 0;
			defaultConfigurationName = Release;
		};
/* End XCConfigurationList section */
	};
	rootObject = 7CE5E35F27A61AE700208E71 /* Project object */;
}
